
Microsoft Visual Studio Solution File, Format Version 12.00
# Visual Studio Version 17
VisualStudioVersion = 17.0.31903.59
MinimumVisualStudioVersion = 10.0.40219.1
Project("{2150E333-8FDC-42A3-9474-1A3956D46DE8}") = "tools", "tools", "{07C2787E-EAC7-C090-1BA3-A61EC2A24D84}"
EndProject
Project("{FAE04EC0-301F-11D3-BF4B-00C04F79EFBC}") = "Nbn.Tools.Workbench", "tools\Nbn.Tools.Workbench\Nbn.Tools.Workbench.csproj", "{E18892F5-BBBF-4E61-B2B6-2A2A0DA7012F}"
EndProject
Project("{2150E333-8FDC-42A3-9474-1A3956D46DE8}") = "src", "src", "{827E0CD3-B72D-47B6-A68D-7590B98EB39B}"
EndProject
Project("{FAE04EC0-301F-11D3-BF4B-00C04F79EFBC}") = "Nbn.Shared", "src\Nbn.Shared\Nbn.Shared.csproj", "{CA23FE6A-ABDF-48CE-BCF3-ECC85BBB8F65}"
EndProject
Project("{FAE04EC0-301F-11D3-BF4B-00C04F79EFBC}") = "Nbn.Runtime.HiveMind", "src\Nbn.Runtime.HiveMind\Nbn.Runtime.HiveMind.csproj", "{540CE868-D2A5-45C8-983A-988B3D521349}"
EndProject
Project("{2150E333-8FDC-42A3-9474-1A3956D46DE8}") = "tests", "tests", "{0AB3BF05-4346-4AA6-1389-037BE0695223}"
EndProject
Project("{FAE04EC0-301F-11D3-BF4B-00C04F79EFBC}") = "Nbn.Tests", "tests\Nbn.Tests\Nbn.Tests.csproj", "{735CF9AC-4F3E-4F46-A479-E272ED5630C9}"
EndProject
Project("{FAE04EC0-301F-11D3-BF4B-00C04F79EFBC}") = "Nbn.Runtime.IO", "src\Nbn.Runtime.IO\Nbn.Runtime.IO.csproj", "{9278A612-3BCA-405B-88C8-8753B6139FD6}"
EndProject
Project("{FAE04EC0-301F-11D3-BF4B-00C04F79EFBC}") = "Nbn.Runtime.Artifacts", "src\Nbn.Runtime.Artifacts\Nbn.Runtime.Artifacts.csproj", "{EB6A034C-EF28-4061-8A42-C4D836A34FE6}"
EndProject
Project("{FAE04EC0-301F-11D3-BF4B-00C04F79EFBC}") = "Nbn.Runtime.Brain", "src\Nbn.Runtime.Brain\Nbn.Runtime.Brain.csproj", "{C70CC409-50B3-46B8-85A2-50C21566B365}"
EndProject
Project("{FAE04EC0-301F-11D3-BF4B-00C04F79EFBC}") = "Nbn.Runtime.BrainHost", "src\Nbn.Runtime.BrainHost\Nbn.Runtime.BrainHost.csproj", "{C50D56EE-EB04-4F8C-9116-84145C18E22A}"
EndProject
Project("{FAE04EC0-301F-11D3-BF4B-00C04F79EFBC}") = "Nbn.Runtime.RegionHost", "src\Nbn.Runtime.RegionHost\Nbn.Runtime.RegionHost.csproj", "{EA41604E-6A41-4989-A81B-8A9F00A69A6E}"
EndProject
Project("{FAE04EC0-301F-11D3-BF4B-00C04F79EFBC}") = "Nbn.Runtime.Reproduction", "src\Nbn.Runtime.Reproduction\Nbn.Runtime.Reproduction.csproj", "{C5FEEA27-5BC8-40A5-B89A-4576F118508D}"
EndProject
Project("{FAE04EC0-301F-11D3-BF4B-00C04F79EFBC}") = "Nbn.Runtime.SettingsMonitor", "src\Nbn.Runtime.SettingsMonitor\Nbn.Runtime.SettingsMonitor.csproj", "{64DD3058-1B32-4072-8AF6-2F7ECD93BE2C}"
EndProject
Project("{FAE04EC0-301F-11D3-BF4B-00C04F79EFBC}") = "Nbn.Runtime.Observability", "src\Nbn.Runtime.Observability\Nbn.Runtime.Observability.csproj", "{726200CB-B2B2-4EDC-A6FD-1C8FEC82BCF6}"
EndProject
Global
	GlobalSection(SolutionConfigurationPlatforms) = preSolution
		Debug|Any CPU = Debug|Any CPU
		Debug|x64 = Debug|x64
		Debug|x86 = Debug|x86
		Release|Any CPU = Release|Any CPU
		Release|x64 = Release|x64
		Release|x86 = Release|x86
	EndGlobalSection
	GlobalSection(ProjectConfigurationPlatforms) = postSolution
		{E18892F5-BBBF-4E61-B2B6-2A2A0DA7012F}.Debug|Any CPU.ActiveCfg = Debug|Any CPU
		{E18892F5-BBBF-4E61-B2B6-2A2A0DA7012F}.Debug|Any CPU.Build.0 = Debug|Any CPU
		{E18892F5-BBBF-4E61-B2B6-2A2A0DA7012F}.Debug|x64.ActiveCfg = Debug|Any CPU
		{E18892F5-BBBF-4E61-B2B6-2A2A0DA7012F}.Debug|x64.Build.0 = Debug|Any CPU
		{E18892F5-BBBF-4E61-B2B6-2A2A0DA7012F}.Debug|x86.ActiveCfg = Debug|Any CPU
		{E18892F5-BBBF-4E61-B2B6-2A2A0DA7012F}.Debug|x86.Build.0 = Debug|Any CPU
		{E18892F5-BBBF-4E61-B2B6-2A2A0DA7012F}.Release|Any CPU.ActiveCfg = Release|Any CPU
		{E18892F5-BBBF-4E61-B2B6-2A2A0DA7012F}.Release|Any CPU.Build.0 = Release|Any CPU
		{E18892F5-BBBF-4E61-B2B6-2A2A0DA7012F}.Release|x64.ActiveCfg = Release|Any CPU
		{E18892F5-BBBF-4E61-B2B6-2A2A0DA7012F}.Release|x64.Build.0 = Release|Any CPU
		{E18892F5-BBBF-4E61-B2B6-2A2A0DA7012F}.Release|x86.ActiveCfg = Release|Any CPU
		{E18892F5-BBBF-4E61-B2B6-2A2A0DA7012F}.Release|x86.Build.0 = Release|Any CPU
		{CA23FE6A-ABDF-48CE-BCF3-ECC85BBB8F65}.Debug|Any CPU.ActiveCfg = Debug|Any CPU
		{CA23FE6A-ABDF-48CE-BCF3-ECC85BBB8F65}.Debug|Any CPU.Build.0 = Debug|Any CPU
		{CA23FE6A-ABDF-48CE-BCF3-ECC85BBB8F65}.Debug|x64.ActiveCfg = Debug|Any CPU
		{CA23FE6A-ABDF-48CE-BCF3-ECC85BBB8F65}.Debug|x64.Build.0 = Debug|Any CPU
		{CA23FE6A-ABDF-48CE-BCF3-ECC85BBB8F65}.Debug|x86.ActiveCfg = Debug|Any CPU
		{CA23FE6A-ABDF-48CE-BCF3-ECC85BBB8F65}.Debug|x86.Build.0 = Debug|Any CPU
		{CA23FE6A-ABDF-48CE-BCF3-ECC85BBB8F65}.Release|Any CPU.ActiveCfg = Release|Any CPU
		{CA23FE6A-ABDF-48CE-BCF3-ECC85BBB8F65}.Release|Any CPU.Build.0 = Release|Any CPU
		{CA23FE6A-ABDF-48CE-BCF3-ECC85BBB8F65}.Release|x64.ActiveCfg = Release|Any CPU
		{CA23FE6A-ABDF-48CE-BCF3-ECC85BBB8F65}.Release|x64.Build.0 = Release|Any CPU
		{CA23FE6A-ABDF-48CE-BCF3-ECC85BBB8F65}.Release|x86.ActiveCfg = Release|Any CPU
		{CA23FE6A-ABDF-48CE-BCF3-ECC85BBB8F65}.Release|x86.Build.0 = Release|Any CPU
		{540CE868-D2A5-45C8-983A-988B3D521349}.Debug|Any CPU.ActiveCfg = Debug|Any CPU
		{540CE868-D2A5-45C8-983A-988B3D521349}.Debug|Any CPU.Build.0 = Debug|Any CPU
		{540CE868-D2A5-45C8-983A-988B3D521349}.Debug|x64.ActiveCfg = Debug|Any CPU
		{540CE868-D2A5-45C8-983A-988B3D521349}.Debug|x64.Build.0 = Debug|Any CPU
		{540CE868-D2A5-45C8-983A-988B3D521349}.Debug|x86.ActiveCfg = Debug|Any CPU
		{540CE868-D2A5-45C8-983A-988B3D521349}.Debug|x86.Build.0 = Debug|Any CPU
		{540CE868-D2A5-45C8-983A-988B3D521349}.Release|Any CPU.ActiveCfg = Release|Any CPU
		{540CE868-D2A5-45C8-983A-988B3D521349}.Release|Any CPU.Build.0 = Release|Any CPU
		{540CE868-D2A5-45C8-983A-988B3D521349}.Release|x64.ActiveCfg = Release|Any CPU
		{540CE868-D2A5-45C8-983A-988B3D521349}.Release|x64.Build.0 = Release|Any CPU
		{540CE868-D2A5-45C8-983A-988B3D521349}.Release|x86.ActiveCfg = Release|Any CPU
		{540CE868-D2A5-45C8-983A-988B3D521349}.Release|x86.Build.0 = Release|Any CPU
		{735CF9AC-4F3E-4F46-A479-E272ED5630C9}.Debug|Any CPU.ActiveCfg = Debug|Any CPU
		{735CF9AC-4F3E-4F46-A479-E272ED5630C9}.Debug|Any CPU.Build.0 = Debug|Any CPU
		{735CF9AC-4F3E-4F46-A479-E272ED5630C9}.Debug|x64.ActiveCfg = Debug|Any CPU
		{735CF9AC-4F3E-4F46-A479-E272ED5630C9}.Debug|x64.Build.0 = Debug|Any CPU
		{735CF9AC-4F3E-4F46-A479-E272ED5630C9}.Debug|x86.ActiveCfg = Debug|Any CPU
		{735CF9AC-4F3E-4F46-A479-E272ED5630C9}.Debug|x86.Build.0 = Debug|Any CPU
		{735CF9AC-4F3E-4F46-A479-E272ED5630C9}.Release|Any CPU.ActiveCfg = Release|Any CPU
		{735CF9AC-4F3E-4F46-A479-E272ED5630C9}.Release|Any CPU.Build.0 = Release|Any CPU
		{735CF9AC-4F3E-4F46-A479-E272ED5630C9}.Release|x64.ActiveCfg = Release|Any CPU
		{735CF9AC-4F3E-4F46-A479-E272ED5630C9}.Release|x64.Build.0 = Release|Any CPU
		{735CF9AC-4F3E-4F46-A479-E272ED5630C9}.Release|x86.ActiveCfg = Release|Any CPU
		{735CF9AC-4F3E-4F46-A479-E272ED5630C9}.Release|x86.Build.0 = Release|Any CPU
		{9278A612-3BCA-405B-88C8-8753B6139FD6}.Debug|Any CPU.ActiveCfg = Debug|Any CPU
		{9278A612-3BCA-405B-88C8-8753B6139FD6}.Debug|Any CPU.Build.0 = Debug|Any CPU
		{9278A612-3BCA-405B-88C8-8753B6139FD6}.Debug|x64.ActiveCfg = Debug|Any CPU
		{9278A612-3BCA-405B-88C8-8753B6139FD6}.Debug|x64.Build.0 = Debug|Any CPU
		{9278A612-3BCA-405B-88C8-8753B6139FD6}.Debug|x86.ActiveCfg = Debug|Any CPU
		{9278A612-3BCA-405B-88C8-8753B6139FD6}.Debug|x86.Build.0 = Debug|Any CPU
		{9278A612-3BCA-405B-88C8-8753B6139FD6}.Release|Any CPU.ActiveCfg = Release|Any CPU
		{9278A612-3BCA-405B-88C8-8753B6139FD6}.Release|Any CPU.Build.0 = Release|Any CPU
		{9278A612-3BCA-405B-88C8-8753B6139FD6}.Release|x64.ActiveCfg = Release|Any CPU
		{9278A612-3BCA-405B-88C8-8753B6139FD6}.Release|x64.Build.0 = Release|Any CPU
		{9278A612-3BCA-405B-88C8-8753B6139FD6}.Release|x86.ActiveCfg = Release|Any CPU
		{9278A612-3BCA-405B-88C8-8753B6139FD6}.Release|x86.Build.0 = Release|Any CPU
		{EB6A034C-EF28-4061-8A42-C4D836A34FE6}.Debug|Any CPU.ActiveCfg = Debug|Any CPU
		{EB6A034C-EF28-4061-8A42-C4D836A34FE6}.Debug|Any CPU.Build.0 = Debug|Any CPU
		{EB6A034C-EF28-4061-8A42-C4D836A34FE6}.Debug|x64.ActiveCfg = Debug|Any CPU
		{EB6A034C-EF28-4061-8A42-C4D836A34FE6}.Debug|x64.Build.0 = Debug|Any CPU
		{EB6A034C-EF28-4061-8A42-C4D836A34FE6}.Debug|x86.ActiveCfg = Debug|Any CPU
		{EB6A034C-EF28-4061-8A42-C4D836A34FE6}.Debug|x86.Build.0 = Debug|Any CPU
		{EB6A034C-EF28-4061-8A42-C4D836A34FE6}.Release|Any CPU.ActiveCfg = Release|Any CPU
		{EB6A034C-EF28-4061-8A42-C4D836A34FE6}.Release|Any CPU.Build.0 = Release|Any CPU
		{EB6A034C-EF28-4061-8A42-C4D836A34FE6}.Release|x64.ActiveCfg = Release|Any CPU
		{EB6A034C-EF28-4061-8A42-C4D836A34FE6}.Release|x64.Build.0 = Release|Any CPU
		{EB6A034C-EF28-4061-8A42-C4D836A34FE6}.Release|x86.ActiveCfg = Release|Any CPU
		{EB6A034C-EF28-4061-8A42-C4D836A34FE6}.Release|x86.Build.0 = Release|Any CPU
		{C70CC409-50B3-46B8-85A2-50C21566B365}.Debug|Any CPU.ActiveCfg = Debug|Any CPU
		{C70CC409-50B3-46B8-85A2-50C21566B365}.Debug|Any CPU.Build.0 = Debug|Any CPU
		{C70CC409-50B3-46B8-85A2-50C21566B365}.Debug|x64.ActiveCfg = Debug|Any CPU
		{C70CC409-50B3-46B8-85A2-50C21566B365}.Debug|x64.Build.0 = Debug|Any CPU
		{C70CC409-50B3-46B8-85A2-50C21566B365}.Debug|x86.ActiveCfg = Debug|Any CPU
		{C70CC409-50B3-46B8-85A2-50C21566B365}.Debug|x86.Build.0 = Debug|Any CPU
		{C70CC409-50B3-46B8-85A2-50C21566B365}.Release|Any CPU.ActiveCfg = Release|Any CPU
		{C70CC409-50B3-46B8-85A2-50C21566B365}.Release|Any CPU.Build.0 = Release|Any CPU
		{C70CC409-50B3-46B8-85A2-50C21566B365}.Release|x64.ActiveCfg = Release|Any CPU
		{C70CC409-50B3-46B8-85A2-50C21566B365}.Release|x64.Build.0 = Release|Any CPU
		{C70CC409-50B3-46B8-85A2-50C21566B365}.Release|x86.ActiveCfg = Release|Any CPU
		{C70CC409-50B3-46B8-85A2-50C21566B365}.Release|x86.Build.0 = Release|Any CPU
		{C50D56EE-EB04-4F8C-9116-84145C18E22A}.Debug|Any CPU.ActiveCfg = Debug|Any CPU
		{C50D56EE-EB04-4F8C-9116-84145C18E22A}.Debug|Any CPU.Build.0 = Debug|Any CPU
		{C50D56EE-EB04-4F8C-9116-84145C18E22A}.Debug|x64.ActiveCfg = Debug|Any CPU
		{C50D56EE-EB04-4F8C-9116-84145C18E22A}.Debug|x64.Build.0 = Debug|Any CPU
		{C50D56EE-EB04-4F8C-9116-84145C18E22A}.Debug|x86.ActiveCfg = Debug|Any CPU
		{C50D56EE-EB04-4F8C-9116-84145C18E22A}.Debug|x86.Build.0 = Debug|Any CPU
		{C50D56EE-EB04-4F8C-9116-84145C18E22A}.Release|Any CPU.ActiveCfg = Release|Any CPU
		{C50D56EE-EB04-4F8C-9116-84145C18E22A}.Release|Any CPU.Build.0 = Release|Any CPU
		{C50D56EE-EB04-4F8C-9116-84145C18E22A}.Release|x64.ActiveCfg = Release|Any CPU
		{C50D56EE-EB04-4F8C-9116-84145C18E22A}.Release|x64.Build.0 = Release|Any CPU
		{C50D56EE-EB04-4F8C-9116-84145C18E22A}.Release|x86.ActiveCfg = Release|Any CPU
		{C50D56EE-EB04-4F8C-9116-84145C18E22A}.Release|x86.Build.0 = Release|Any CPU
		{EA41604E-6A41-4989-A81B-8A9F00A69A6E}.Debug|Any CPU.ActiveCfg = Debug|Any CPU
		{EA41604E-6A41-4989-A81B-8A9F00A69A6E}.Debug|Any CPU.Build.0 = Debug|Any CPU
		{EA41604E-6A41-4989-A81B-8A9F00A69A6E}.Debug|x64.ActiveCfg = Debug|Any CPU
		{EA41604E-6A41-4989-A81B-8A9F00A69A6E}.Debug|x64.Build.0 = Debug|Any CPU
		{EA41604E-6A41-4989-A81B-8A9F00A69A6E}.Debug|x86.ActiveCfg = Debug|Any CPU
		{EA41604E-6A41-4989-A81B-8A9F00A69A6E}.Debug|x86.Build.0 = Debug|Any CPU
		{EA41604E-6A41-4989-A81B-8A9F00A69A6E}.Release|Any CPU.ActiveCfg = Release|Any CPU
		{EA41604E-6A41-4989-A81B-8A9F00A69A6E}.Release|Any CPU.Build.0 = Release|Any CPU
		{EA41604E-6A41-4989-A81B-8A9F00A69A6E}.Release|x64.ActiveCfg = Release|Any CPU
		{EA41604E-6A41-4989-A81B-8A9F00A69A6E}.Release|x64.Build.0 = Release|Any CPU
		{EA41604E-6A41-4989-A81B-8A9F00A69A6E}.Release|x86.ActiveCfg = Release|Any CPU
		{EA41604E-6A41-4989-A81B-8A9F00A69A6E}.Release|x86.Build.0 = Release|Any CPU
		{C5FEEA27-5BC8-40A5-B89A-4576F118508D}.Debug|Any CPU.ActiveCfg = Debug|Any CPU
		{C5FEEA27-5BC8-40A5-B89A-4576F118508D}.Debug|Any CPU.Build.0 = Debug|Any CPU
		{C5FEEA27-5BC8-40A5-B89A-4576F118508D}.Debug|x64.ActiveCfg = Debug|Any CPU
		{C5FEEA27-5BC8-40A5-B89A-4576F118508D}.Debug|x64.Build.0 = Debug|Any CPU
		{C5FEEA27-5BC8-40A5-B89A-4576F118508D}.Debug|x86.ActiveCfg = Debug|Any CPU
		{C5FEEA27-5BC8-40A5-B89A-4576F118508D}.Debug|x86.Build.0 = Debug|Any CPU
		{C5FEEA27-5BC8-40A5-B89A-4576F118508D}.Release|Any CPU.ActiveCfg = Release|Any CPU
		{C5FEEA27-5BC8-40A5-B89A-4576F118508D}.Release|Any CPU.Build.0 = Release|Any CPU
		{C5FEEA27-5BC8-40A5-B89A-4576F118508D}.Release|x64.ActiveCfg = Release|Any CPU
		{C5FEEA27-5BC8-40A5-B89A-4576F118508D}.Release|x64.Build.0 = Release|Any CPU
		{C5FEEA27-5BC8-40A5-B89A-4576F118508D}.Release|x86.ActiveCfg = Release|Any CPU
		{C5FEEA27-5BC8-40A5-B89A-4576F118508D}.Release|x86.Build.0 = Release|Any CPU
		{64DD3058-1B32-4072-8AF6-2F7ECD93BE2C}.Debug|Any CPU.ActiveCfg = Debug|Any CPU
		{64DD3058-1B32-4072-8AF6-2F7ECD93BE2C}.Debug|Any CPU.Build.0 = Debug|Any CPU
		{64DD3058-1B32-4072-8AF6-2F7ECD93BE2C}.Debug|x64.ActiveCfg = Debug|Any CPU
		{64DD3058-1B32-4072-8AF6-2F7ECD93BE2C}.Debug|x64.Build.0 = Debug|Any CPU
		{64DD3058-1B32-4072-8AF6-2F7ECD93BE2C}.Debug|x86.ActiveCfg = Debug|Any CPU
		{64DD3058-1B32-4072-8AF6-2F7ECD93BE2C}.Debug|x86.Build.0 = Debug|Any CPU
		{64DD3058-1B32-4072-8AF6-2F7ECD93BE2C}.Release|Any CPU.ActiveCfg = Release|Any CPU
		{64DD3058-1B32-4072-8AF6-2F7ECD93BE2C}.Release|Any CPU.Build.0 = Release|Any CPU
		{64DD3058-1B32-4072-8AF6-2F7ECD93BE2C}.Release|x64.ActiveCfg = Release|Any CPU
		{64DD3058-1B32-4072-8AF6-2F7ECD93BE2C}.Release|x64.Build.0 = Release|Any CPU
		{64DD3058-1B32-4072-8AF6-2F7ECD93BE2C}.Release|x86.ActiveCfg = Release|Any CPU
		{64DD3058-1B32-4072-8AF6-2F7ECD93BE2C}.Release|x86.Build.0 = Release|Any CPU
		{726200CB-B2B2-4EDC-A6FD-1C8FEC82BCF6}.Debug|Any CPU.ActiveCfg = Debug|Any CPU
		{726200CB-B2B2-4EDC-A6FD-1C8FEC82BCF6}.Debug|Any CPU.Build.0 = Debug|Any CPU
		{726200CB-B2B2-4EDC-A6FD-1C8FEC82BCF6}.Debug|x64.ActiveCfg = Debug|Any CPU
		{726200CB-B2B2-4EDC-A6FD-1C8FEC82BCF6}.Debug|x64.Build.0 = Debug|Any CPU
		{726200CB-B2B2-4EDC-A6FD-1C8FEC82BCF6}.Debug|x86.ActiveCfg = Debug|Any CPU
		{726200CB-B2B2-4EDC-A6FD-1C8FEC82BCF6}.Debug|x86.Build.0 = Debug|Any CPU
		{726200CB-B2B2-4EDC-A6FD-1C8FEC82BCF6}.Release|Any CPU.ActiveCfg = Release|Any CPU
		{726200CB-B2B2-4EDC-A6FD-1C8FEC82BCF6}.Release|Any CPU.Build.0 = Release|Any CPU
		{726200CB-B2B2-4EDC-A6FD-1C8FEC82BCF6}.Release|x64.ActiveCfg = Release|Any CPU
		{726200CB-B2B2-4EDC-A6FD-1C8FEC82BCF6}.Release|x64.Build.0 = Release|Any CPU
		{726200CB-B2B2-4EDC-A6FD-1C8FEC82BCF6}.Release|x86.ActiveCfg = Release|Any CPU
		{726200CB-B2B2-4EDC-A6FD-1C8FEC82BCF6}.Release|x86.Build.0 = Release|Any CPU
	EndGlobalSection
	GlobalSection(SolutionProperties) = preSolution
		HideSolutionNode = FALSE
	EndGlobalSection
	GlobalSection(NestedProjects) = preSolution
		{E18892F5-BBBF-4E61-B2B6-2A2A0DA7012F} = {07C2787E-EAC7-C090-1BA3-A61EC2A24D84}
		{CA23FE6A-ABDF-48CE-BCF3-ECC85BBB8F65} = {827E0CD3-B72D-47B6-A68D-7590B98EB39B}
		{540CE868-D2A5-45C8-983A-988B3D521349} = {827E0CD3-B72D-47B6-A68D-7590B98EB39B}
		{735CF9AC-4F3E-4F46-A479-E272ED5630C9} = {0AB3BF05-4346-4AA6-1389-037BE0695223}
		{9278A612-3BCA-405B-88C8-8753B6139FD6} = {827E0CD3-B72D-47B6-A68D-7590B98EB39B}
		{EB6A034C-EF28-4061-8A42-C4D836A34FE6} = {827E0CD3-B72D-47B6-A68D-7590B98EB39B}
		{C70CC409-50B3-46B8-85A2-50C21566B365} = {827E0CD3-B72D-47B6-A68D-7590B98EB39B}
		{C50D56EE-EB04-4F8C-9116-84145C18E22A} = {827E0CD3-B72D-47B6-A68D-7590B98EB39B}
		{EA41604E-6A41-4989-A81B-8A9F00A69A6E} = {827E0CD3-B72D-47B6-A68D-7590B98EB39B}
		{C5FEEA27-5BC8-40A5-B89A-4576F118508D} = {827E0CD3-B72D-47B6-A68D-7590B98EB39B}
		{64DD3058-1B32-4072-8AF6-2F7ECD93BE2C} = {827E0CD3-B72D-47B6-A68D-7590B98EB39B}
		{726200CB-B2B2-4EDC-A6FD-1C8FEC82BCF6} = {827E0CD3-B72D-47B6-A68D-7590B98EB39B}
	EndGlobalSection
EndGlobal
